
Microsoft Visual Studio Solution File, Format Version 12.00
# Visual Studio Version 17
VisualStudioVersion = 17.8.34525.116
MinimumVisualStudioVersion = 10.0.40219.1
Project("{9A19103F-16F7-4668-BE54-9A1E7A4F7556}") = "BendingBitsProcess", "BendingBitsProcess\BendingBitsProcess.csproj", "{22CB05F6-6A5D-46D8-982A-2B2378D7E180}"
EndProject
Global
	GlobalSection(SolutionConfigurationPlatforms) = preSolution
		Debug|Any CPU = Debug|Any CPU
		Release|Any CPU = Release|Any CPU
	EndGlobalSection
	GlobalSection(ProjectConfigurationPlatforms) = postSolution
		{22CB05F6-6A5D-46D8-982A-2B2378D7E180}.Debug|Any CPU.ActiveCfg = Debug|Any CPU
		{22CB05F6-6A5D-46D8-982A-2B2378D7E180}.Debug|Any CPU.Build.0 = Debug|Any CPU
		{22CB05F6-6A5D-46D8-982A-2B2378D7E180}.Release|Any CPU.ActiveCfg = Release|Any CPU
		{22CB05F6-6A5D-46D8-982A-2B2378D7E180}.Release|Any CPU.Build.0 = Release|Any CPU
	EndGlobalSection
	GlobalSection(SolutionProperties) = preSolution
		HideSolutionNode = FALSE
	EndGlobalSection
	GlobalSection(ExtensibilityGlobals) = postSolution
		SolutionGuid = {10531145-8022-4AD8-A707-4A23F168A374}
	EndGlobalSection
EndGlobal
